github.com/Unknwon/goconfig v0.0.0-20191126170842-860a72fb44fd h1:+CYOsXi89xOqBkj7CuEJjA2It+j+R3ngUZEydr6mtkw=
github.com/Unknwon/goconfig v0.0.0-20191126170842-860a72fb44fd/go.mod h1:wngxua9XCNjvHjDiTiV26DaKDT+0c63QR6H5hjVUUxw=
github.com/guoqingpeng/oney v0.0.0-20200219003741-2dc284b9a7b7 h1:ddX+RQr4ygfFQ9kIGfRZs4mci7OOMHyCERmVYa150Fc=
github.com/guoqingpeng/oney v0.0.0-20200219003741-2dc284b9a7b7/go.mod h1:Yun9zDncCONFTngj1CVIDCkYSXmPLuHxMVHkdxG+7QU=
